{
  "name": "SIH",
  "lockfileVersion": 3,
  "requires": true,
  "packages": {
    "": {
      "dependencies": {
        "@syncfusion/ej2-react-splitbuttons": "^26.2.10"
      }
    },
    "node_modules/@syncfusion/ej2-base": {
      "version": "26.2.10",
      "resolved": "https://registry.npmjs.org/@syncfusion/ej2-base/-/ej2-base-26.2.10.tgz",
      "integrity": "sha512-i7TCvXGNsHmCoLA9AlHn3dIAyH8Bce6KCZUGshJS0EKu623SkVKjvWVWtgfar75/8SbTGWZQlGqEW5egYm3uTA==",
      "dependencies": {
        "@syncfusion/ej2-icons": "~26.2.10"
      },
      "bin": {
        "syncfusion-license": "bin/syncfusion-license.js"
      }
    },
    "node_modules/@syncfusion/ej2-buttons": {
      "version": "26.2.10",
      "resolved": "https://registry.npmjs.org/@syncfusion/ej2-buttons/-/ej2-buttons-26.2.10.tgz",
      "integrity": "sha512-WcErxTAI9r5PQQSOQNSWsaKfzYdSww+YeQaT4SO1xItMPDAEhWSqscnTMk46vDg6w5vRbAbB1US+3BAXJtOS1w==",
      "dependencies": {
        "@syncfusion/ej2-base": "~26.2.10"
      }
    },
    "node_modules/@syncfusion/ej2-icons": {
      "version": "26.2.10",
      "resolved": "https://registry.npmjs.org/@syncfusion/ej2-icons/-/ej2-icons-26.2.10.tgz",
      "integrity": "sha512-ay+kr1oVqBOCe9MwJ0vjXS85CDAA5XwtwKb/Gf8cdz79IpsX/1VOvqOBofYu1+OPfbMX9w9mCLciNCMPCaRZFA=="
    },
    "node_modules/@syncfusion/ej2-popups": {
      "version": "26.2.11",
      "resolved": "https://registry.npmjs.org/@syncfusion/ej2-popups/-/ej2-popups-26.2.11.tgz",
      "integrity": "sha512-JMIj3JLSgc6pjN3gAydCruD+DXyH565g5R+5jHsI78BfeDu+/uTdunm7May5zMgr2AmFAKOE6VdQhjEyr3/DJg==",
      "dependencies": {
        "@syncfusion/ej2-base": "~26.2.10",
        "@syncfusion/ej2-buttons": "~26.2.10"
      }
    },
    "node_modules/@syncfusion/ej2-react-base": {
      "version": "26.2.10",
      "resolved": "https://registry.npmjs.org/@syncfusion/ej2-react-base/-/ej2-react-base-26.2.10.tgz",
      "integrity": "sha512-h7N14nvada2JFvHYffsapq2ZeFrQEPn0wO79uLsp8aGknNynBgyYqFjQQrMntYzz7qj1OMqb675nvJamTkCgRQ==",
      "dependencies": {
        "@syncfusion/ej2-base": "~26.2.10"
      }
    },
    "node_modules/@syncfusion/ej2-react-splitbuttons": {
      "version": "26.2.10",
      "resolved": "https://registry.npmjs.org/@syncfusion/ej2-react-splitbuttons/-/ej2-react-splitbuttons-26.2.10.tgz",
      "integrity": "sha512-maY4O96PrJze/l4G9eB/WRY4DRfRoAxwz1dr6YIsfRB/ktpXGeUteJQTAHgvd2dw7egnG7/mRYcZWv0L5nSNlA==",
      "dependencies": {
        "@syncfusion/ej2-base": "~26.2.10",
        "@syncfusion/ej2-react-base": "~26.2.10",
        "@syncfusion/ej2-splitbuttons": "26.2.10"
      }
    },
    "node_modules/@syncfusion/ej2-splitbuttons": {
      "version": "26.2.10",
      "resolved": "https://registry.npmjs.org/@syncfusion/ej2-splitbuttons/-/ej2-splitbuttons-26.2.10.tgz",
      "integrity": "sha512-uvGS9e4K0qcVxhzFBP9VheWrAgOFciSLyHo1qcxgxAyOhuqVhBeBZgmjBiFXXwJHiSW9FM37FQVV0iD0LcVEnw==",
      "dependencies": {
        "@syncfusion/ej2-base": "~26.2.10",
        "@syncfusion/ej2-popups": "~26.2.10"
      }
    }
  }
}
